
Microsoft Visual Studio Solution File, Format Version 12.00
# Visual Studio Version 17
VisualStudioVersion = 17.0.31903.59
MinimumVisualStudioVersion = 10.0.40219.1
Project("{9A19103F-16F7-4668-BE54-9A1E7A4F7556}") = "IPDNS", "src\IPDNS.csproj", "{5BD0456F-E69F-4F31-9F11-40BE2691831E}"
EndProject
Global
	GlobalSection(SolutionConfigurationPlatforms) = preSolution
		Debug|Any CPU = Debug|Any CPU
		Release|Any CPU = Release|Any CPU
	EndGlobalSection
	GlobalSection(ProjectConfigurationPlatforms) = postSolution
		{5BD0456F-E69F-4F31-9F11-40BE2691831E}.Debug|Any CPU.ActiveCfg = Debug|Any CPU
		{5BD0456F-E69F-4F31-9F11-40BE2691831E}.Debug|Any CPU.Build.0 = Debug|Any CPU
		{5BD0456F-E69F-4F31-9F11-40BE2691831E}.Release|Any CPU.ActiveCfg = Release|Any CPU
		{5BD0456F-E69F-4F31-9F11-40BE2691831E}.Release|Any CPU.Build.0 = Release|Any CPU
	EndGlobalSection
	GlobalSection(SolutionProperties) = preSolution
		HideSolutionNode = FALSE
	EndGlobalSection
	GlobalSection(ExtensibilityGlobals) = postSolution
		SolutionGuid = {4A24FDE6-021A-4F0A-9787-E4C11F7B5320}
	EndGlobalSection
EndGlobal
